
Microsoft Visual Studio Solution File, Format Version 12.00
Project("{FAE04EC0-301F-11D3-BF4B-00C04F79EFBC}") = "Form.Builder.Api", "Form.Builder.Api\Form.Builder.Api.csproj", "{55E7B500-1B56-4DEA-84A1-909586F5315E}"
EndProject
Global
	GlobalSection(SolutionConfigurationPlatforms) = preSolution
		Debug|Any CPU = Debug|Any CPU
		Release|Any CPU = Release|Any CPU
	EndGlobalSection
	GlobalSection(ProjectConfigurationPlatforms) = postSolution
		{55E7B500-1B56-4DEA-84A1-909586F5315E}.Debug|Any CPU.ActiveCfg = Debug|Any CPU
		{55E7B500-1B56-4DEA-84A1-909586F5315E}.Debug|Any CPU.Build.0 = Debug|Any CPU
		{55E7B500-1B56-4DEA-84A1-909586F5315E}.Release|Any CPU.ActiveCfg = Release|Any CPU
		{55E7B500-1B56-4DEA-84A1-909586F5315E}.Release|Any CPU.Build.0 = Release|Any CPU
	EndGlobalSection
EndGlobal
