
Microsoft Visual Studio Solution File, Format Version 12.00
# Visual Studio Version 17
VisualStudioVersion = 17.0.31903.59
MinimumVisualStudioVersion = 10.0.40219.1
Project("{FAE04EC0-301F-11D3-BF4B-00C04F79EFBC}") = "WebApp.MiniApiGateway", "WebApp.MiniApiGateway\WebApp.MiniApiGateway.csproj", "{BD267F17-F979-4A1F-9309-99BF3EFFAB3C}"
EndProject
Project("{FAE04EC0-301F-11D3-BF4B-00C04F79EFBC}") = "WebApp.Domain", "WebApp.Domain\WebApp.Domain.csproj", "{4E16F3CB-82F1-4ADB-AC76-5C2C8614F014}"
EndProject
Project("{FAE04EC0-301F-11D3-BF4B-00C04F79EFBC}") = "WebApp.Infrastructure", "WebApp.Infrastructure\WebApp.Infrastructure.csproj", "{8ABE237B-CF58-41D8-A3E4-DDD8C2BFE9C9}"
EndProject
Project("{FAE04EC0-301F-11D3-BF4B-00C04F79EFBC}") = "WebApp.RestApi", "WebApp.RestApi\WebApp.RestApi.csproj", "{29600606-B003-4920-AF2C-FB5300330BBE}"
EndProject
Project("{FAE04EC0-301F-11D3-BF4B-00C04F79EFBC}") = "WebApp.Admin", "WebApp.Admin\WebApp.Admin.csproj", "{DB035357-3FFD-4803-82A8-52454CC9F2C7}"
EndProject
Project("{FAE04EC0-301F-11D3-BF4B-00C04F79EFBC}") = "WebApp.FunctionHandlerIO", "WebApp.FunctionHandlerIO\WebApp.FunctionHandlerIO.csproj", "{61648EF4-37A7-4566-AE89-5E3C37F9D9A6}"
EndProject
Global
	GlobalSection(SolutionConfigurationPlatforms) = preSolution
		Debug|Any CPU = Debug|Any CPU
		Release|Any CPU = Release|Any CPU
	EndGlobalSection
	GlobalSection(SolutionProperties) = preSolution
		HideSolutionNode = FALSE
	EndGlobalSection
	GlobalSection(ProjectConfigurationPlatforms) = postSolution
		{BD267F17-F979-4A1F-9309-99BF3EFFAB3C}.Debug|Any CPU.ActiveCfg = Debug|Any CPU
		{BD267F17-F979-4A1F-9309-99BF3EFFAB3C}.Debug|Any CPU.Build.0 = Debug|Any CPU
		{BD267F17-F979-4A1F-9309-99BF3EFFAB3C}.Release|Any CPU.ActiveCfg = Release|Any CPU
		{BD267F17-F979-4A1F-9309-99BF3EFFAB3C}.Release|Any CPU.Build.0 = Release|Any CPU
		{4E16F3CB-82F1-4ADB-AC76-5C2C8614F014}.Debug|Any CPU.ActiveCfg = Debug|Any CPU
		{4E16F3CB-82F1-4ADB-AC76-5C2C8614F014}.Debug|Any CPU.Build.0 = Debug|Any CPU
		{4E16F3CB-82F1-4ADB-AC76-5C2C8614F014}.Release|Any CPU.ActiveCfg = Release|Any CPU
		{4E16F3CB-82F1-4ADB-AC76-5C2C8614F014}.Release|Any CPU.Build.0 = Release|Any CPU
		{8ABE237B-CF58-41D8-A3E4-DDD8C2BFE9C9}.Debug|Any CPU.ActiveCfg = Debug|Any CPU
		{8ABE237B-CF58-41D8-A3E4-DDD8C2BFE9C9}.Debug|Any CPU.Build.0 = Debug|Any CPU
		{8ABE237B-CF58-41D8-A3E4-DDD8C2BFE9C9}.Release|Any CPU.ActiveCfg = Release|Any CPU
		{8ABE237B-CF58-41D8-A3E4-DDD8C2BFE9C9}.Release|Any CPU.Build.0 = Release|Any CPU
		{29600606-B003-4920-AF2C-FB5300330BBE}.Debug|Any CPU.ActiveCfg = Debug|Any CPU
		{29600606-B003-4920-AF2C-FB5300330BBE}.Debug|Any CPU.Build.0 = Debug|Any CPU
		{29600606-B003-4920-AF2C-FB5300330BBE}.Release|Any CPU.ActiveCfg = Release|Any CPU
		{29600606-B003-4920-AF2C-FB5300330BBE}.Release|Any CPU.Build.0 = Release|Any CPU
		{DB035357-3FFD-4803-82A8-52454CC9F2C7}.Debug|Any CPU.ActiveCfg = Debug|Any CPU
		{DB035357-3FFD-4803-82A8-52454CC9F2C7}.Debug|Any CPU.Build.0 = Debug|Any CPU
		{DB035357-3FFD-4803-82A8-52454CC9F2C7}.Release|Any CPU.ActiveCfg = Release|Any CPU
		{DB035357-3FFD-4803-82A8-52454CC9F2C7}.Release|Any CPU.Build.0 = Release|Any CPU
		{61648EF4-37A7-4566-AE89-5E3C37F9D9A6}.Debug|Any CPU.ActiveCfg = Debug|Any CPU
		{61648EF4-37A7-4566-AE89-5E3C37F9D9A6}.Debug|Any CPU.Build.0 = Debug|Any CPU
		{61648EF4-37A7-4566-AE89-5E3C37F9D9A6}.Release|Any CPU.ActiveCfg = Release|Any CPU
		{61648EF4-37A7-4566-AE89-5E3C37F9D9A6}.Release|Any CPU.Build.0 = Release|Any CPU
	EndGlobalSection
EndGlobal
