
Microsoft Visual Studio Solution File, Format Version 12.00
Project("{FAE04EC0-301F-11D3-BF4B-00C04F79EFBC}") = "NoSql.Api", "NoSql.Api\NoSql.Api.csproj", "{0C3406D4-24A5-4F67-A8BE-11EC431E70C7}"
EndProject
Project("{FAE04EC0-301F-11D3-BF4B-00C04F79EFBC}") = "NoSql.Core", "NoSql.Core\NoSql.Core.csproj", "{D64F5E3A-51DA-410A-ABED-98FECCB39523}"
EndProject
Project("{FAE04EC0-301F-11D3-BF4B-00C04F79EFBC}") = "NoSql.Client", "NoSql.Client\NoSql.Client.csproj", "{730AD8AE-534B-413A-8987-1773E7069319}"
EndProject
Global
	GlobalSection(SolutionConfigurationPlatforms) = preSolution
		Debug|Any CPU = Debug|Any CPU
		Release|Any CPU = Release|Any CPU
	EndGlobalSection
	GlobalSection(ProjectConfigurationPlatforms) = postSolution
		{0C3406D4-24A5-4F67-A8BE-11EC431E70C7}.Debug|Any CPU.ActiveCfg = Debug|Any CPU
		{0C3406D4-24A5-4F67-A8BE-11EC431E70C7}.Debug|Any CPU.Build.0 = Debug|Any CPU
		{0C3406D4-24A5-4F67-A8BE-11EC431E70C7}.Release|Any CPU.ActiveCfg = Release|Any CPU
		{0C3406D4-24A5-4F67-A8BE-11EC431E70C7}.Release|Any CPU.Build.0 = Release|Any CPU
		{D64F5E3A-51DA-410A-ABED-98FECCB39523}.Debug|Any CPU.ActiveCfg = Debug|Any CPU
		{D64F5E3A-51DA-410A-ABED-98FECCB39523}.Debug|Any CPU.Build.0 = Debug|Any CPU
		{D64F5E3A-51DA-410A-ABED-98FECCB39523}.Release|Any CPU.ActiveCfg = Release|Any CPU
		{D64F5E3A-51DA-410A-ABED-98FECCB39523}.Release|Any CPU.Build.0 = Release|Any CPU
		{730AD8AE-534B-413A-8987-1773E7069319}.Debug|Any CPU.ActiveCfg = Debug|Any CPU
		{730AD8AE-534B-413A-8987-1773E7069319}.Debug|Any CPU.Build.0 = Debug|Any CPU
		{730AD8AE-534B-413A-8987-1773E7069319}.Release|Any CPU.ActiveCfg = Release|Any CPU
		{730AD8AE-534B-413A-8987-1773E7069319}.Release|Any CPU.Build.0 = Release|Any CPU
	EndGlobalSection
EndGlobal
