
Microsoft Visual Studio Solution File, Format Version 12.00
Project("{FAE04EC0-301F-11D3-BF4B-00C04F79EFBC}") = "Api", "Api\Api.csproj", "{3C2853BD-A245-471B-BDFB-1944BAF22207}"
EndProject
Project("{2150E333-8FDC-42A3-9474-1A3956D46DE8}") = "Solution Items", "Solution Items", "{E0CFC5C5-5AD1-4C18-8F80-E55771D42434}"
	ProjectSection(SolutionItems) = preProject
		docker-compose.yml = docker-compose.yml
	EndProjectSection
EndProject
Global
	GlobalSection(SolutionConfigurationPlatforms) = preSolution
		Debug|Any CPU = Debug|Any CPU
		Release|Any CPU = Release|Any CPU
	EndGlobalSection
	GlobalSection(ProjectConfigurationPlatforms) = postSolution
		{3C2853BD-A245-471B-BDFB-1944BAF22207}.Debug|Any CPU.ActiveCfg = Debug|Any CPU
		{3C2853BD-A245-471B-BDFB-1944BAF22207}.Debug|Any CPU.Build.0 = Debug|Any CPU
		{3C2853BD-A245-471B-BDFB-1944BAF22207}.Release|Any CPU.ActiveCfg = Release|Any CPU
		{3C2853BD-A245-471B-BDFB-1944BAF22207}.Release|Any CPU.Build.0 = Release|Any CPU
	EndGlobalSection
EndGlobal
