
Microsoft Visual Studio Solution File, Format Version 12.00
# Visual Studio Version 17
VisualStudioVersion = 17.3.32929.385
MinimumVisualStudioVersion = 10.0.40219.1
Project("{9A19103F-16F7-4668-BE54-9A1E7A4F7556}") = "MockServer.ReverseProxyServer", "MockServer.ReverseProxyServer\MockServer.ReverseProxyServer.csproj", "{13D6A2C2-FB19-4898-AAA7-C88C51A208FE}"
EndProject
Project("{9A19103F-16F7-4668-BE54-9A1E7A4F7556}") = "MockServer.Core", "MockServer.Core\MockServer.Core.csproj", "{883671FE-3C30-4ECA-9882-ACCF237138E7}"
EndProject
Project("{9A19103F-16F7-4668-BE54-9A1E7A4F7556}") = "MockServer.Infrastructure", "MockServer.Infrastructure\MockServer.Infrastructure.csproj", "{6F834257-C6F3-47BA-BD5D-0F512D552136}"
EndProject
Project("{9A19103F-16F7-4668-BE54-9A1E7A4F7556}") = "MockServer.WebMVC", "MockServer.WebMVC\MockServer.WebMVC.csproj", "{52E99DAE-CC99-44B9-ADD2-26462B29E1D7}"
EndProject
Project("{9A19103F-16F7-4668-BE54-9A1E7A4F7556}") = "MockServer.CallbackExecutor", "MockServer.CallbackExecutor\MockServer.CallbackExecutor.csproj", "{076482F6-3892-4FFA-9ABC-04F49C0E1AA0}"
EndProject
Project("{9A19103F-16F7-4668-BE54-9A1E7A4F7556}") = "MockServer.IdentityServer", "MockServer.IdentityServer\MockServer.IdentityServer.csproj", "{51CBE00E-8F34-41CA-AC8B-57474A3A65B4}"
EndProject
Global
	GlobalSection(SolutionConfigurationPlatforms) = preSolution
		Debug|Any CPU = Debug|Any CPU
		Release|Any CPU = Release|Any CPU
	EndGlobalSection
	GlobalSection(ProjectConfigurationPlatforms) = postSolution
		{13D6A2C2-FB19-4898-AAA7-C88C51A208FE}.Debug|Any CPU.ActiveCfg = Debug|Any CPU
		{13D6A2C2-FB19-4898-AAA7-C88C51A208FE}.Debug|Any CPU.Build.0 = Debug|Any CPU
		{13D6A2C2-FB19-4898-AAA7-C88C51A208FE}.Release|Any CPU.ActiveCfg = Release|Any CPU
		{13D6A2C2-FB19-4898-AAA7-C88C51A208FE}.Release|Any CPU.Build.0 = Release|Any CPU
		{883671FE-3C30-4ECA-9882-ACCF237138E7}.Debug|Any CPU.ActiveCfg = Debug|Any CPU
		{883671FE-3C30-4ECA-9882-ACCF237138E7}.Debug|Any CPU.Build.0 = Debug|Any CPU
		{883671FE-3C30-4ECA-9882-ACCF237138E7}.Release|Any CPU.ActiveCfg = Release|Any CPU
		{883671FE-3C30-4ECA-9882-ACCF237138E7}.Release|Any CPU.Build.0 = Release|Any CPU
		{6F834257-C6F3-47BA-BD5D-0F512D552136}.Debug|Any CPU.ActiveCfg = Debug|Any CPU
		{6F834257-C6F3-47BA-BD5D-0F512D552136}.Debug|Any CPU.Build.0 = Debug|Any CPU
		{6F834257-C6F3-47BA-BD5D-0F512D552136}.Release|Any CPU.ActiveCfg = Release|Any CPU
		{6F834257-C6F3-47BA-BD5D-0F512D552136}.Release|Any CPU.Build.0 = Release|Any CPU
		{52E99DAE-CC99-44B9-ADD2-26462B29E1D7}.Debug|Any CPU.ActiveCfg = Debug|Any CPU
		{52E99DAE-CC99-44B9-ADD2-26462B29E1D7}.Debug|Any CPU.Build.0 = Debug|Any CPU
		{52E99DAE-CC99-44B9-ADD2-26462B29E1D7}.Release|Any CPU.ActiveCfg = Release|Any CPU
		{52E99DAE-CC99-44B9-ADD2-26462B29E1D7}.Release|Any CPU.Build.0 = Release|Any CPU
		{076482F6-3892-4FFA-9ABC-04F49C0E1AA0}.Debug|Any CPU.ActiveCfg = Debug|Any CPU
		{076482F6-3892-4FFA-9ABC-04F49C0E1AA0}.Debug|Any CPU.Build.0 = Debug|Any CPU
		{076482F6-3892-4FFA-9ABC-04F49C0E1AA0}.Release|Any CPU.ActiveCfg = Release|Any CPU
		{076482F6-3892-4FFA-9ABC-04F49C0E1AA0}.Release|Any CPU.Build.0 = Release|Any CPU
		{51CBE00E-8F34-41CA-AC8B-57474A3A65B4}.Debug|Any CPU.ActiveCfg = Debug|Any CPU
		{51CBE00E-8F34-41CA-AC8B-57474A3A65B4}.Debug|Any CPU.Build.0 = Debug|Any CPU
		{51CBE00E-8F34-41CA-AC8B-57474A3A65B4}.Release|Any CPU.ActiveCfg = Release|Any CPU
		{51CBE00E-8F34-41CA-AC8B-57474A3A65B4}.Release|Any CPU.Build.0 = Release|Any CPU
	EndGlobalSection
	GlobalSection(SolutionProperties) = preSolution
		HideSolutionNode = FALSE
	EndGlobalSection
	GlobalSection(ExtensibilityGlobals) = postSolution
		SolutionGuid = {CD031E65-36C2-4037-A150-3475EDB9EC92}
	EndGlobalSection
EndGlobal
