
Microsoft Visual Studio Solution File, Format Version 12.00
# Visual Studio Version 17
VisualStudioVersion = 17.3.32929.385
MinimumVisualStudioVersion = 10.0.40219.1
Project("{9A19103F-16F7-4668-BE54-9A1E7A4F7556}") = "MockServer.Api", "MockServer.Api\MockServer.Api.csproj", "{13D6A2C2-FB19-4898-AAA7-C88C51A208FE}"
EndProject
Project("{9A19103F-16F7-4668-BE54-9A1E7A4F7556}") = "MockServer.Core", "MockServer.Core\MockServer.Core.csproj", "{883671FE-3C30-4ECA-9882-ACCF237138E7}"
EndProject
Project("{9A19103F-16F7-4668-BE54-9A1E7A4F7556}") = "MockServer.Infrastructure", "MockServer.Infrastructure\MockServer.Infrastructure.csproj", "{6F834257-C6F3-47BA-BD5D-0F512D552136}"
EndProject
Project("{9A19103F-16F7-4668-BE54-9A1E7A4F7556}") = "MockServer.Web", "MockServer.Web\MockServer.Web.csproj", "{52E99DAE-CC99-44B9-ADD2-26462B29E1D7}"
EndProject
Project("{9A19103F-16F7-4668-BE54-9A1E7A4F7556}") = "MockServer.Function", "MockServer.Function\MockServer.Function.csproj", "{076482F6-3892-4FFA-9ABC-04F49C0E1AA0}"
EndProject
Project("{9A19103F-16F7-4668-BE54-9A1E7A4F7556}") = "MockServer.Identity", "MockServer.Identity\MockServer.Identity.csproj", "{51CBE00E-8F34-41CA-AC8B-57474A3A65B4}"
EndProject
Project("{9A19103F-16F7-4668-BE54-9A1E7A4F7556}") = "MockServer.UnitTest", "MockServer.UnitTest\MockServer.UnitTest.csproj", "{BABDBCFD-B9B8-4D27-BEAF-82DDB2AFD68E}"
EndProject
Project("{FAE04EC0-301F-11D3-BF4B-00C04F79EFBC}") = "Microsoft.AspNetCore.Authentication.Google", "..\..\aspnetcore\src\Security\Authentication\Google\src\Microsoft.AspNetCore.Authentication.Google.csproj", "{0A2129DE-A574-4407-BA98-C9C4C83DFCA3}"
EndProject
Project("{FAE04EC0-301F-11D3-BF4B-00C04F79EFBC}") = "Microsoft.AspNetCore.Authentication.OpenIdConnect", "..\..\aspnetcore\src\Security\Authentication\OpenIdConnect\src\Microsoft.AspNetCore.Authentication.OpenIdConnect.csproj", "{54E9B28E-DBAE-4E5A-A65C-1262DDCC08B0}"
EndProject
Project("{FAE04EC0-301F-11D3-BF4B-00C04F79EFBC}") = "Microsoft.AspNetCore.Authorization", "..\..\aspnetcore\src\Security\Authorization\Core\src\Microsoft.AspNetCore.Authorization.csproj", "{F409115B-3CD5-42FB-BA4D-C0B4FFB0B37F}"
EndProject
Project("{FAE04EC0-301F-11D3-BF4B-00C04F79EFBC}") = "Microsoft.AspNetCore.Authentication", "..\..\aspnetcore\src\Security\Authentication\Core\src\Microsoft.AspNetCore.Authentication.csproj", "{A69F713F-5A82-4F9E-84BF-C46AD3814E5F}"
EndProject
Project("{FAE04EC0-301F-11D3-BF4B-00C04F79EFBC}") = "Microsoft.AspNetCore.Http", "..\..\aspnetcore\src\Http\Http\src\Microsoft.AspNetCore.Http.csproj", "{DBF2DD20-B8F2-4447-A72F-E779A462B472}"
EndProject
Project("{FAE04EC0-301F-11D3-BF4B-00C04F79EFBC}") = "Microsoft.AspNetCore.Server.Kestrel.Core", "..\..\aspnetcore\src\Servers\Kestrel\Core\src\Microsoft.AspNetCore.Server.Kestrel.Core.csproj", "{F6A3DDE3-9779-466F-91CB-B8E7D639DA7F}"
EndProject
Project("{FAE04EC0-301F-11D3-BF4B-00C04F79EFBC}") = "Microsoft.AspNetCore.Authentication.Cookies", "..\..\aspnetcore\src\Security\Authentication\Cookies\src\Microsoft.AspNetCore.Authentication.Cookies.csproj", "{1A50E23E-A363-4023-89DF-BDE835924DB3}"
EndProject
Project("{FAE04EC0-301F-11D3-BF4B-00C04F79EFBC}") = "Microsoft.AspNetCore.Authentication.Core", "..\..\aspnetcore\src\Http\Authentication.Core\src\Microsoft.AspNetCore.Authentication.Core.csproj", "{EC6EF0E0-E89A-4E6C-98D2-B2E041516FE9}"
EndProject
Project("{FAE04EC0-301F-11D3-BF4B-00C04F79EFBC}") = "Microsoft.AspNetCore.Mvc.Core", "..\..\aspnetcore\src\Mvc\Mvc.Core\src\Microsoft.AspNetCore.Mvc.Core.csproj", "{90E32C89-93DA-4DBD-8F28-7D0F65E1EB98}"
EndProject
Project("{FAE04EC0-301F-11D3-BF4B-00C04F79EFBC}") = "Microsoft.IdentityModel.Protocols.OpenIdConnect", "..\..\azure-activedirectory-identitymodel-extensions-for-dotnet\src\Microsoft.IdentityModel.Protocols.OpenIdConnect\Microsoft.IdentityModel.Protocols.OpenIdConnect.csproj", "{4EF10258-EAAE-4724-B7BD-EBB66C162463}"
EndProject
Project("{FAE04EC0-301F-11D3-BF4B-00C04F79EFBC}") = "Microsoft.IdentityModel.Protocols", "..\..\azure-activedirectory-identitymodel-extensions-for-dotnet\src\Microsoft.IdentityModel.Protocols\Microsoft.IdentityModel.Protocols.csproj", "{3C786ED5-ACD5-4879-A057-5D1005BE8944}"
EndProject
Project("{FAE04EC0-301F-11D3-BF4B-00C04F79EFBC}") = "Microsoft.AspNetCore.Authentication.Abstractions", "..\..\aspnetcore\src\Http\Authentication.Abstractions\src\Microsoft.AspNetCore.Authentication.Abstractions.csproj", "{6D909960-AD86-43CF-A933-4320B892C981}"
EndProject
Project("{FAE04EC0-301F-11D3-BF4B-00C04F79EFBC}") = "Microsoft.AspNetCore.Authentication.OAuth", "..\..\aspnetcore\src\Security\Authentication\OAuth\src\Microsoft.AspNetCore.Authentication.OAuth.csproj", "{9FFBF2E0-07EE-454B-96D0-10005E2725AF}"
EndProject
Project("{FAE04EC0-301F-11D3-BF4B-00C04F79EFBC}") = "Microsoft.AspNetCore.Identity", "..\..\aspnetcore\src\Identity\Core\src\Microsoft.AspNetCore.Identity.csproj", "{DB1E122C-9FF8-4B09-A200-1B0911C976BD}"
EndProject
Project("{FAE04EC0-301F-11D3-BF4B-00C04F79EFBC}") = "Microsoft.AspNetCore.Identity.EntityFrameworkCore", "..\..\aspnetcore\src\Identity\EntityFrameworkCore\src\Microsoft.AspNetCore.Identity.EntityFrameworkCore.csproj", "{DD86F599-41CA-4491-AF42-8FA57CD5300D}"
EndProject
Global
	GlobalSection(SolutionConfigurationPlatforms) = preSolution
		Debug|Any CPU = Debug|Any CPU
		Release|Any CPU = Release|Any CPU
	EndGlobalSection
	GlobalSection(ProjectConfigurationPlatforms) = postSolution
		{13D6A2C2-FB19-4898-AAA7-C88C51A208FE}.Debug|Any CPU.ActiveCfg = Debug|Any CPU
		{13D6A2C2-FB19-4898-AAA7-C88C51A208FE}.Debug|Any CPU.Build.0 = Debug|Any CPU
		{13D6A2C2-FB19-4898-AAA7-C88C51A208FE}.Release|Any CPU.ActiveCfg = Release|Any CPU
		{13D6A2C2-FB19-4898-AAA7-C88C51A208FE}.Release|Any CPU.Build.0 = Release|Any CPU
		{883671FE-3C30-4ECA-9882-ACCF237138E7}.Debug|Any CPU.ActiveCfg = Debug|Any CPU
		{883671FE-3C30-4ECA-9882-ACCF237138E7}.Debug|Any CPU.Build.0 = Debug|Any CPU
		{883671FE-3C30-4ECA-9882-ACCF237138E7}.Release|Any CPU.ActiveCfg = Release|Any CPU
		{883671FE-3C30-4ECA-9882-ACCF237138E7}.Release|Any CPU.Build.0 = Release|Any CPU
		{6F834257-C6F3-47BA-BD5D-0F512D552136}.Debug|Any CPU.ActiveCfg = Debug|Any CPU
		{6F834257-C6F3-47BA-BD5D-0F512D552136}.Debug|Any CPU.Build.0 = Debug|Any CPU
		{6F834257-C6F3-47BA-BD5D-0F512D552136}.Release|Any CPU.ActiveCfg = Release|Any CPU
		{6F834257-C6F3-47BA-BD5D-0F512D552136}.Release|Any CPU.Build.0 = Release|Any CPU
		{52E99DAE-CC99-44B9-ADD2-26462B29E1D7}.Debug|Any CPU.ActiveCfg = Debug|Any CPU
		{52E99DAE-CC99-44B9-ADD2-26462B29E1D7}.Debug|Any CPU.Build.0 = Debug|Any CPU
		{52E99DAE-CC99-44B9-ADD2-26462B29E1D7}.Release|Any CPU.ActiveCfg = Release|Any CPU
		{52E99DAE-CC99-44B9-ADD2-26462B29E1D7}.Release|Any CPU.Build.0 = Release|Any CPU
		{076482F6-3892-4FFA-9ABC-04F49C0E1AA0}.Debug|Any CPU.ActiveCfg = Debug|Any CPU
		{076482F6-3892-4FFA-9ABC-04F49C0E1AA0}.Debug|Any CPU.Build.0 = Debug|Any CPU
		{076482F6-3892-4FFA-9ABC-04F49C0E1AA0}.Release|Any CPU.ActiveCfg = Release|Any CPU
		{076482F6-3892-4FFA-9ABC-04F49C0E1AA0}.Release|Any CPU.Build.0 = Release|Any CPU
		{51CBE00E-8F34-41CA-AC8B-57474A3A65B4}.Debug|Any CPU.ActiveCfg = Debug|Any CPU
		{51CBE00E-8F34-41CA-AC8B-57474A3A65B4}.Debug|Any CPU.Build.0 = Debug|Any CPU
		{51CBE00E-8F34-41CA-AC8B-57474A3A65B4}.Release|Any CPU.ActiveCfg = Release|Any CPU
		{51CBE00E-8F34-41CA-AC8B-57474A3A65B4}.Release|Any CPU.Build.0 = Release|Any CPU
		{BABDBCFD-B9B8-4D27-BEAF-82DDB2AFD68E}.Debug|Any CPU.ActiveCfg = Debug|Any CPU
		{BABDBCFD-B9B8-4D27-BEAF-82DDB2AFD68E}.Debug|Any CPU.Build.0 = Debug|Any CPU
		{BABDBCFD-B9B8-4D27-BEAF-82DDB2AFD68E}.Release|Any CPU.ActiveCfg = Release|Any CPU
		{BABDBCFD-B9B8-4D27-BEAF-82DDB2AFD68E}.Release|Any CPU.Build.0 = Release|Any CPU
		{0A2129DE-A574-4407-BA98-C9C4C83DFCA3}.Debug|Any CPU.ActiveCfg = Debug|Any CPU
		{0A2129DE-A574-4407-BA98-C9C4C83DFCA3}.Debug|Any CPU.Build.0 = Debug|Any CPU
		{0A2129DE-A574-4407-BA98-C9C4C83DFCA3}.Release|Any CPU.ActiveCfg = Release|Any CPU
		{0A2129DE-A574-4407-BA98-C9C4C83DFCA3}.Release|Any CPU.Build.0 = Release|Any CPU
		{54E9B28E-DBAE-4E5A-A65C-1262DDCC08B0}.Debug|Any CPU.ActiveCfg = Debug|Any CPU
		{54E9B28E-DBAE-4E5A-A65C-1262DDCC08B0}.Debug|Any CPU.Build.0 = Debug|Any CPU
		{54E9B28E-DBAE-4E5A-A65C-1262DDCC08B0}.Release|Any CPU.ActiveCfg = Release|Any CPU
		{54E9B28E-DBAE-4E5A-A65C-1262DDCC08B0}.Release|Any CPU.Build.0 = Release|Any CPU
		{F409115B-3CD5-42FB-BA4D-C0B4FFB0B37F}.Debug|Any CPU.ActiveCfg = Debug|Any CPU
		{F409115B-3CD5-42FB-BA4D-C0B4FFB0B37F}.Debug|Any CPU.Build.0 = Debug|Any CPU
		{F409115B-3CD5-42FB-BA4D-C0B4FFB0B37F}.Release|Any CPU.ActiveCfg = Release|Any CPU
		{F409115B-3CD5-42FB-BA4D-C0B4FFB0B37F}.Release|Any CPU.Build.0 = Release|Any CPU
		{A69F713F-5A82-4F9E-84BF-C46AD3814E5F}.Debug|Any CPU.ActiveCfg = Debug|Any CPU
		{A69F713F-5A82-4F9E-84BF-C46AD3814E5F}.Debug|Any CPU.Build.0 = Debug|Any CPU
		{A69F713F-5A82-4F9E-84BF-C46AD3814E5F}.Release|Any CPU.ActiveCfg = Release|Any CPU
		{A69F713F-5A82-4F9E-84BF-C46AD3814E5F}.Release|Any CPU.Build.0 = Release|Any CPU
		{DBF2DD20-B8F2-4447-A72F-E779A462B472}.Debug|Any CPU.ActiveCfg = Debug|Any CPU
		{DBF2DD20-B8F2-4447-A72F-E779A462B472}.Debug|Any CPU.Build.0 = Debug|Any CPU
		{DBF2DD20-B8F2-4447-A72F-E779A462B472}.Release|Any CPU.ActiveCfg = Release|Any CPU
		{DBF2DD20-B8F2-4447-A72F-E779A462B472}.Release|Any CPU.Build.0 = Release|Any CPU
		{F6A3DDE3-9779-466F-91CB-B8E7D639DA7F}.Debug|Any CPU.ActiveCfg = Debug|Any CPU
		{F6A3DDE3-9779-466F-91CB-B8E7D639DA7F}.Debug|Any CPU.Build.0 = Debug|Any CPU
		{F6A3DDE3-9779-466F-91CB-B8E7D639DA7F}.Release|Any CPU.ActiveCfg = Release|Any CPU
		{F6A3DDE3-9779-466F-91CB-B8E7D639DA7F}.Release|Any CPU.Build.0 = Release|Any CPU
		{1A50E23E-A363-4023-89DF-BDE835924DB3}.Debug|Any CPU.ActiveCfg = Debug|Any CPU
		{1A50E23E-A363-4023-89DF-BDE835924DB3}.Debug|Any CPU.Build.0 = Debug|Any CPU
		{1A50E23E-A363-4023-89DF-BDE835924DB3}.Release|Any CPU.ActiveCfg = Release|Any CPU
		{1A50E23E-A363-4023-89DF-BDE835924DB3}.Release|Any CPU.Build.0 = Release|Any CPU
		{EC6EF0E0-E89A-4E6C-98D2-B2E041516FE9}.Debug|Any CPU.ActiveCfg = Debug|Any CPU
		{EC6EF0E0-E89A-4E6C-98D2-B2E041516FE9}.Debug|Any CPU.Build.0 = Debug|Any CPU
		{EC6EF0E0-E89A-4E6C-98D2-B2E041516FE9}.Release|Any CPU.ActiveCfg = Release|Any CPU
		{EC6EF0E0-E89A-4E6C-98D2-B2E041516FE9}.Release|Any CPU.Build.0 = Release|Any CPU
		{90E32C89-93DA-4DBD-8F28-7D0F65E1EB98}.Debug|Any CPU.ActiveCfg = Debug|Any CPU
		{90E32C89-93DA-4DBD-8F28-7D0F65E1EB98}.Debug|Any CPU.Build.0 = Debug|Any CPU
		{90E32C89-93DA-4DBD-8F28-7D0F65E1EB98}.Release|Any CPU.ActiveCfg = Release|Any CPU
		{90E32C89-93DA-4DBD-8F28-7D0F65E1EB98}.Release|Any CPU.Build.0 = Release|Any CPU
		{4EF10258-EAAE-4724-B7BD-EBB66C162463}.Debug|Any CPU.ActiveCfg = Debug|Any CPU
		{4EF10258-EAAE-4724-B7BD-EBB66C162463}.Debug|Any CPU.Build.0 = Debug|Any CPU
		{4EF10258-EAAE-4724-B7BD-EBB66C162463}.Release|Any CPU.ActiveCfg = Release|Any CPU
		{4EF10258-EAAE-4724-B7BD-EBB66C162463}.Release|Any CPU.Build.0 = Release|Any CPU
		{3C786ED5-ACD5-4879-A057-5D1005BE8944}.Debug|Any CPU.ActiveCfg = Debug|Any CPU
		{3C786ED5-ACD5-4879-A057-5D1005BE8944}.Debug|Any CPU.Build.0 = Debug|Any CPU
		{3C786ED5-ACD5-4879-A057-5D1005BE8944}.Release|Any CPU.ActiveCfg = Release|Any CPU
		{3C786ED5-ACD5-4879-A057-5D1005BE8944}.Release|Any CPU.Build.0 = Release|Any CPU
		{6D909960-AD86-43CF-A933-4320B892C981}.Debug|Any CPU.ActiveCfg = Debug|Any CPU
		{6D909960-AD86-43CF-A933-4320B892C981}.Debug|Any CPU.Build.0 = Debug|Any CPU
		{6D909960-AD86-43CF-A933-4320B892C981}.Release|Any CPU.ActiveCfg = Release|Any CPU
		{6D909960-AD86-43CF-A933-4320B892C981}.Release|Any CPU.Build.0 = Release|Any CPU
		{9FFBF2E0-07EE-454B-96D0-10005E2725AF}.Debug|Any CPU.ActiveCfg = Debug|Any CPU
		{9FFBF2E0-07EE-454B-96D0-10005E2725AF}.Debug|Any CPU.Build.0 = Debug|Any CPU
		{9FFBF2E0-07EE-454B-96D0-10005E2725AF}.Release|Any CPU.ActiveCfg = Release|Any CPU
		{9FFBF2E0-07EE-454B-96D0-10005E2725AF}.Release|Any CPU.Build.0 = Release|Any CPU
		{DB1E122C-9FF8-4B09-A200-1B0911C976BD}.Debug|Any CPU.ActiveCfg = Debug|Any CPU
		{DB1E122C-9FF8-4B09-A200-1B0911C976BD}.Debug|Any CPU.Build.0 = Debug|Any CPU
		{DB1E122C-9FF8-4B09-A200-1B0911C976BD}.Release|Any CPU.ActiveCfg = Release|Any CPU
		{DB1E122C-9FF8-4B09-A200-1B0911C976BD}.Release|Any CPU.Build.0 = Release|Any CPU
		{DD86F599-41CA-4491-AF42-8FA57CD5300D}.Debug|Any CPU.ActiveCfg = Debug|Any CPU
		{DD86F599-41CA-4491-AF42-8FA57CD5300D}.Debug|Any CPU.Build.0 = Debug|Any CPU
		{DD86F599-41CA-4491-AF42-8FA57CD5300D}.Release|Any CPU.ActiveCfg = Release|Any CPU
		{DD86F599-41CA-4491-AF42-8FA57CD5300D}.Release|Any CPU.Build.0 = Release|Any CPU
	EndGlobalSection
	GlobalSection(SolutionProperties) = preSolution
		HideSolutionNode = FALSE
	EndGlobalSection
	GlobalSection(ExtensibilityGlobals) = postSolution
		SolutionGuid = {CD031E65-36C2-4037-A150-3475EDB9EC92}
	EndGlobalSection
EndGlobal
