
Microsoft Visual Studio Solution File, Format Version 12.00
# Visual Studio Version 17
VisualStudioVersion = 17.5.002.0
MinimumVisualStudioVersion = 10.0.40219.1
Project("{9A19103F-16F7-4668-BE54-9A1E7A4F7556}") = "WebApp.Api.Rest", "WebApp.Api.Rest.csproj", "{C76267D6-DD7D-43CA-B9E7-75ADA905C8F6}"
EndProject
Global
	GlobalSection(SolutionConfigurationPlatforms) = preSolution
		Debug|Any CPU = Debug|Any CPU
		Release|Any CPU = Release|Any CPU
	EndGlobalSection
	GlobalSection(ProjectConfigurationPlatforms) = postSolution
		{C76267D6-DD7D-43CA-B9E7-75ADA905C8F6}.Debug|Any CPU.ActiveCfg = Debug|Any CPU
		{C76267D6-DD7D-43CA-B9E7-75ADA905C8F6}.Debug|Any CPU.Build.0 = Debug|Any CPU
		{C76267D6-DD7D-43CA-B9E7-75ADA905C8F6}.Release|Any CPU.ActiveCfg = Release|Any CPU
		{C76267D6-DD7D-43CA-B9E7-75ADA905C8F6}.Release|Any CPU.Build.0 = Release|Any CPU
	EndGlobalSection
	GlobalSection(SolutionProperties) = preSolution
		HideSolutionNode = FALSE
	EndGlobalSection
	GlobalSection(ExtensibilityGlobals) = postSolution
		SolutionGuid = {B701B1C3-30AE-489D-A8BF-A4861D8A64B2}
	EndGlobalSection
EndGlobal
